# THIS IS AN AUTOGENERATED FILE. DO NOT EDIT THIS FILE DIRECTLY.
# yarn lockfile v1


"@material-design-icons/font@^0.14.13":
  version "0.14.13"
  resolved "https://registry.yarnpkg.com/@material-design-icons/font/-/font-0.14.13.tgz#fb97163ae1072902780444e724db78b4ff2b5bba"
  integrity sha512-qU5Zms9VUdxxq4oC7lY+Eibz+O6YjmctGZKToUfqQOC4qVkbUNksu+0UizFBdbtx8euERZ3GGcFoN6F9LeXSMw==

animate.css@daneden/animate.css#~4.0.0:
  version "4.0.0"
  resolved "https://codeload.github.com/daneden/animate.css/tar.gz/b29bc450f446f0e9705ce72a932ff01ab274eb4c"

bootstrap@5.3.2:
  version "5.3.2"
  resolved "https://registry.yarnpkg.com/bootstrap/-/bootstrap-5.3.2.tgz#97226583f27aae93b2b28ab23f4c114757ff16ae"
  integrity sha512-D32nmNWiQHo94BKHLmOrdjlL05q1c8oxbtBphQFb9Z5to6eGRDCm0QgeaZ4zFBHzfg2++rqa2JkqCcxDy0sH0g==

install@^0.13.0:
  version "0.13.0"
  resolved "https://registry.yarnpkg.com/install/-/install-0.13.0.tgz#6af6e9da9dd0987de2ab420f78e60d9c17260776"
  integrity sha512-zDml/jzr2PKU9I8J/xyZBQn8rPCAY//UOYNmR01XwNwyfhEWObo2SWfSl1+0tm1u6PhxLwDnfsT/6jB7OUxqFA==
